// !$*UTF8*$!
{
	archiveVersion = 1;
	classes = {
	};
	objectVersion = 46;
	objects = {

/* Begin PBXBuildFile section */
		5F0901191DCE12B900EA5F5D /* ReactNativeBuildConfig.m in Sources */ = {isa = PBXBuildFile; fileRef = 5F0901181DCE12B900EA5F5D /* ReactNativeBuildConfig.m */; };
		5F09011A1DCE12B900EA5F5D /* ReactNativeBuildConfig.h in CopyFiles */ = {isa = PBXBuildFile; fileRef = 5F0901171DCE12B900EA5F5D /* ReactNativeBuildConfig.h */; };
/* End PBXBuildFile section */

/* Begin PBXCopyFilesBuildPhase section */
		5F0901121DCE12B900EA5F5D /* CopyFiles */ = {
			isa = PBXCopyFilesBuildPhase;
			buildActionMask = 2147483647;
			dstPath = "include/$(PRODUCT_NAME)";
			dstSubfolderSpec = 16;
			files = (
				5F09011A1DCE12B900EA5F5D /* ReactNativeBuildConfig.h in CopyFiles */,
			);
			runOnlyForDeploymentPostprocessing = 0;
		};
/* End PBXCopyFilesBuildPhase section */

/* Begin PBXFileReference section */
		5F0901141DCE12B900EA5F5D /* libReactNativeBuildConfig.a */ = {isa = PBXFileReference; explicitFileType = archive.ar; includeInIndex = 0; path = libReactNativeBuildConfig.a; sourceTree = BUILT_PRODUCTS_DIR; };
		5F0901171DCE12B900EA5F5D /* ReactNativeBuildConfig.h */ = {isa = PBXFileReference; lastKnownFileType = sourcecode.c.h; path = ReactNativeBuildConfig.h; sourceTree = "<group>"; };
		5F0901181DCE12B900EA5F5D /* ReactNativeBuildConfig.m */ = {isa = PBXFileReference; lastKnownFileType = sourcecode.c.objc; path = ReactNativeBuildConfig.m; sourceTree = "<group>"; };
/* End PBXFileReference section */

/* Begin PBXFrameworksBuildPhase section */
		5F0901111DCE12B900EA5F5D /* Frameworks */ = {
			isa = PBXFrameworksBuildPhase;
			buildActionMask = 2147483647;
			files = (
			);
			runOnlyForDeploymentPostprocessing = 0;
		};
/* End PBXFrameworksBuildPhase section */

/* Begin PBXGroup section */
		5F09010B1DCE12B900EA5F5D = {
			isa = PBXGroup;
			children = (
				5F0901161DCE12B900EA5F5D /* ReactNativeBuildConfig */,
				5F0901151DCE12B900EA5F5D /* Products */,
			);
			sourceTree = "<group>";
		};
		5F0901151DCE12B900EA5F5D /* Products */ = {
			isa = PBXGroup;
			children = (
				5F0901141DCE12B900EA5F5D /* libReactNativeBuildConfig.a */,
			);
			name = Products;
			sourceTree = "<group>";
		};
		5F0901161DCE12B900EA5F5D /* ReactNativeBuildConfig */ = {
			isa = PBXGroup;
			children = (
				5F0901171DCE12B900EA5F5D /* ReactNativeBuildConfig.h */,
				5F0901181DCE12B900EA5F5D /* ReactNativeBuildConfig.m */,
			);
			path = ReactNativeBuildConfig;
			sourceTree = "<group>";
		};
/* End PBXGroup section */

/* Begin PBXNativeTarget section */
		5F0901131DCE12B900EA5F5D /* ReactNativeBuildConfig */ = {
			isa = PBXNativeTarget;
			buildConfigurationList = 5F09011D1DCE12B900EA5F5D /* Build configuration list for PBXNativeTarget "ReactNativeBuildConfig" */;
			buildPhases = (
				5F0901101DCE12B900EA5F5D /* Sources */,
				5F0901111DCE12B900EA5F5D /* Frameworks */,
				5F0901121DCE12B900EA5F5D /* CopyFiles */,
			);
			buildRules = (
			);
			dependencies = (
			);
			name = ReactNativeBuildConfig;
			productName = ReactNativeBuildConfig;
			productReference = 5F0901141DCE12B900EA5F5D /* libReactNativeBuildConfig.a */;
			productType = "com.apple.product-type.library.static";
		};
/* End PBXNativeTarget section */

/* Begin PBXProject section */
		5F09010C1DCE12B900EA5F5D /* Project object */ = {
			isa = PBXProject;
			attributes = {
				LastUpgradeCheck = 0810;
				ORGANIZATIONNAME = "David Sheldrick";
				TargetAttributes = {
					5F0901131DCE12B900EA5F5D = {
						CreatedOnToolsVersion = 8.1;
						ProvisioningStyle = Automatic;
					};
				};
			};
			buildConfigurationList = 5F09010F1DCE12B900EA5F5D /* Build configuration list for PBXProject "ReactNativeBuildConfig" */;
			compatibilityVersion = "Xcode 3.2";
			developmentRegion = English;
			hasScannedForEncodings = 0;
			knownRegions = (
				en,
			);
			mainGroup = 5F09010B1DCE12B900EA5F5D;
			productRefGroup = 5F0901151DCE12B900EA5F5D /* Products */;
			projectDirPath = "";
			projectRoot = "";
			targets = (
				5F0901131DCE12B900EA5F5D /* ReactNativeBuildConfig */,
			);
		};
/* End PBXProject section */

/* Begin PBXSourcesBuildPhase section */
		5F0901101DCE12B900EA5F5D /* Sources */ = {
			isa = PBXSourcesBuildPhase;
			buildActionMask = 2147483647;
			files = (
				5F0901191DCE12B900EA5F5D /* ReactNativeBuildConfig.m in Sources */,
			);
			runOnlyForDeploymentPostprocessing = 0;
		};
/* End PBXSourcesBuildPhase section */

/* Begin XCBuildConfiguration section */
		5F09011B1DCE12B900EA5F5D /* Debug */ = {
			isa = XCBuildConfiguration;
			buildSettings = {
				ALWAYS_SEARCH_USER_PATHS = NO;
				CLANG_ANALYZER_NONNULL = YES;
				CLANG_CXX_LANGUAGE_STANDARD = "gnu++0x";
				CLANG_CXX_LIBRARY = "libc++";
				CLANG_ENABLE_MODULES = YES;
				CLANG_ENABLE_OBJC_ARC = YES;
				CLANG_WARN_BOOL_CONVERSION = YES;
				CLANG_WARN_CONSTANT_CONVERSION = YES;
				CLANG_WARN_DIRECT_OBJC_ISA_USAGE = YES_ERROR;
				CLANG_WARN_DOCUMENTATION_COMMENTS = YES;
				CLANG_WARN_EMPTY_BODY = YES;
				CLANG_WARN_ENUM_CONVERSION = YES;
				CLANG_WARN_INFINITE_RECURSION = YES;
				CLANG_WARN_INT_CONVERSION = YES;
				CLANG_WARN_OBJC_ROOT_CLASS = YES_ERROR;
				CLANG_WARN_SUSPICIOUS_MOVES = YES;
				CLANG_WARN_UNREACHABLE_CODE = YES;
				CLANG_WARN__DUPLICATE_METHOD_MATCH = YES;
				"CODE_SIGN_IDENTITY[sdk=iphoneos*]" = "iPhone Developer";
				COPY_PHASE_STRIP = NO;
				DEBUG_INFORMATION_FORMAT = dwarf;
				ENABLE_STRICT_OBJC_MSGSEND = YES;
				ENABLE_TESTABILITY = YES;
				GCC_C_LANGUAGE_STANDARD = gnu99;
				GCC_DYNAMIC_NO_PIC = NO;
				GCC_NO_COMMON_BLOCKS = YES;
				GCC_OPTIMIZATION_LEVEL = 0;
				GCC_PREPROCESSOR_DEFINITIONS = (
					"DEBUG=1",
					"$(inherited)",
				);
				GCC_WARN_64_TO_32_BIT_CONVERSION = YES;
				GCC_WARN_ABOUT_RETURN_TYPE = YES_ERROR;
				GCC_WARN_UNDECLARED_SELECTOR = YES;
				GCC_WARN_UNINITIALIZED_AUTOS = YES_AGGRESSIVE;
				GCC_WARN_UNUSED_FUNCTION = YES;
				GCC_WARN_UNUSED_VARIABLE = YES;
				HEADER_SEARCH_PATHS = "$(SRCROOT)/../../react-native/React/**";
				IPHONEOS_DEPLOYMENT_TARGET = 10.1;
				MTL_ENABLE_DEBUG_INFO = YES;
				ONLY_ACTIVE_ARCH = YES;
				SDKROOT = iphoneos;
			};
			name = Debug;
		};
		5F09011C1DCE12B900EA5F5D /* Release */ = {
			isa = XCBuildConfiguration;
			buildSettings = {
				ALWAYS_SEARCH_USER_PATHS = NO;
				CLANG_ANALYZER_NONNULL = YES;
				CLANG_CXX_LANGUAGE_STANDARD = "gnu++0x";
				CLANG_CXX_LIBRARY = "libc++";
				CLANG_ENABLE_MODULES = YES;
				CLANG_ENABLE_OBJC_ARC = YES;
				CLANG_WARN_BOOL_CONVERSION = YES;
				CLANG_WARN_CONSTANT_CONVERSION = YES;
				CLANG_WARN_DIRECT_OBJC_ISA_USAGE = YES_ERROR;
				CLANG_WARN_DOCUMENTATION_COMMENTS = YES;
				CLANG_WARN_EMPTY_BODY = YES;
				CLANG_WARN_ENUM_CONVERSION = YES;
				CLANG_WARN_INFINITE_RECURSION = YES;
				CLANG_WARN_INT_CONVERSION = YES;
				CLANG_WARN_OBJC_ROOT_CLASS = YES_ERROR;
				CLANG_WARN_SUSPICIOUS_MOVES = YES;
				CLANG_WARN_UNREACHABLE_CODE = YES;
				CLANG_WARN__DUPLICATE_METHOD_MATCH = YES;
				"CODE_SIGN_IDENTITY[sdk=iphoneos*]" = "iPhone Developer";
				COPY_PHASE_STRIP = NO;
				DEBUG_INFORMATION_FORMAT = "dwarf-with-dsym";
				ENABLE_NS_ASSERTIONS = NO;
				ENABLE_STRICT_OBJC_MSGSEND = YES;
				GCC_C_LANGUAGE_STANDARD = gnu99;
				GCC_NO_COMMON_BLOCKS = YES;
				GCC_WARN_64_TO_32_BIT_CONVERSION = YES;
				GCC_WARN_ABOUT_RETURN_TYPE = YES_ERROR;
				GCC_WARN_UNDECLARED_SELECTOR = YES;
				GCC_WARN_UNINITIALIZED_AUTOS = YES_AGGRESSIVE;
				GCC_WARN_UNUSED_FUNCTION = YES;
				GCC_WARN_UNUSED_VARIABLE = YES;
				HEADER_SEARCH_PATHS = "$(SRCROOT)/../../react-native/React/**";
				IPHONEOS_DEPLOYMENT_TARGET = 10.1;
				MTL_ENABLE_DEBUG_INFO = NO;
				SDKROOT = iphoneos;
				VALIDATE_PRODUCT = YES;
			};
			name = Release;
		};
		5F09011E1DCE12B900EA5F5D /* Debug */ = {
			isa = XCBuildConfiguration;
			buildSettings = {
				OTHER_LDFLAGS = "-ObjC";
				PRODUCT_NAME = "$(TARGET_NAME)";
				SKIP_INSTALL = YES;
			};
			name = Debug;
		};
		5F09011F1DCE12B900EA5F5D /* Release */ = {
			isa = XCBuildConfiguration;
			buildSettings = {
				OTHER_LDFLAGS = "-ObjC";
				PRODUCT_NAME = "$(TARGET_NAME)";
				SKIP_INSTALL = YES;
			};
			name = Release;
		};
/* End XCBuildConfiguration section */

/* Begin XCConfigurationList section */
		5F09010F1DCE12B900EA5F5D /* Build configuration list for PBXProject "ReactNativeBuildConfig" */ = {
			isa = XCConfigurationList;
			buildConfigurations = (
				5F09011B1DCE12B900EA5F5D /* Debug */,
				5F09011C1DCE12B900EA5F5D /* Release */,
			);
			defaultConfigurationIsVisible = 0;
			defaultConfigurationName = Release;
		};
		5F09011D1DCE12B900EA5F5D /* Build configuration list for PBXNativeTarget "ReactNativeBuildConfig" */ = {
			isa = XCConfigurationList;
			buildConfigurations = (
				5F09011E1DCE12B900EA5F5D /* Debug */,
				5F09011F1DCE12B900EA5F5D /* Release */,
			);
			defaultConfigurationIsVisible = 0;
			defaultConfigurationName = Release;
		};
/* End XCConfigurationList section */
	};
	rootObject = 5F09010C1DCE12B900EA5F5D /* Project object */;
}
